// !$*UTF8*$!
{
	archiveVersion = 1;
	classes = {
	};
	objectVersion = 51;
	objects = {

/* Begin PBXBuildFile section */
		0484491BBCC92E3E18A37759 /* Pods_Spot.framework in Frameworks */ = {isa = PBXBuildFile; fileRef = 69D45E66E98844E453A429FB /* Pods_Spot.framework */; };
		F016E9FA2330CDD400214C4E /* FirestoreReferenceManager.swift in Sources */ = {isa = PBXBuildFile; fileRef = F016E9F92330CDD400214C4E /* FirestoreReferenceManager.swift */; };
		F016E9FC2330D46A00214C4E /* FirebaseKeys.swift in Sources */ = {isa = PBXBuildFile; fileRef = F016E9FB2330D46A00214C4E /* FirebaseKeys.swift */; };
		F016E9FE2330E39D00214C4E /* StartViewController.swift in Sources */ = {isa = PBXBuildFile; fileRef = F016E9FD2330E39D00214C4E /* StartViewController.swift */; };
		F016EA002330E58200214C4E /* LoginViewController.swift in Sources */ = {isa = PBXBuildFile; fileRef = F016E9FF2330E58200214C4E /* LoginViewController.swift */; };
		F016EA022330E5A400214C4E /* SignUpViewController.swift in Sources */ = {isa = PBXBuildFile; fileRef = F016EA012330E5A400214C4E /* SignUpViewController.swift */; };
		F016EA0423311C5F00214C4E /* CreateSpotAddressViewController.swift in Sources */ = {isa = PBXBuildFile; fileRef = F016EA0323311C5F00214C4E /* CreateSpotAddressViewController.swift */; };
		F017F36F233250480093603E /* Extensions.swift in Sources */ = {isa = PBXBuildFile; fileRef = F017F36E233250480093603E /* Extensions.swift */; };
		F0198B19233B6DC3004BF277 /* ImageService.swift in Sources */ = {isa = PBXBuildFile; fileRef = F0198B18233B6DC3004BF277 /* ImageService.swift */; };
		F01B3AC8232F8F4800B62D88 /* AlertService.swift in Sources */ = {isa = PBXBuildFile; fileRef = F01B3AC7232F8F4800B62D88 /* AlertService.swift */; };
		F01B3ACA232FAF5800B62D88 /* SpotView.swift in Sources */ = {isa = PBXBuildFile; fileRef = F01B3AC9232FAF5800B62D88 /* SpotView.swift */; };
		F01B3ACC232FB57D00B62D88 /* DetailViewController.swift in Sources */ = {isa = PBXBuildFile; fileRef = F01B3ACB232FB57D00B62D88 /* DetailViewController.swift */; };
		F01E4C0323338BB500F7ADB6 /* CustomButton.swift in Sources */ = {isa = PBXBuildFile; fileRef = F01E4C0223338BB500F7ADB6 /* CustomButton.swift */; };
		F01E4C0523338BD700F7ADB6 /* Colors.swift in Sources */ = {isa = PBXBuildFile; fileRef = F01E4C0423338BD700F7ADB6 /* Colors.swift */; };
		F0CDE0A123278C6A007126DE /* GoogleService-Info.plist in Resources */ = {isa = PBXBuildFile; fileRef = F0CDE0A023278C6A007126DE /* GoogleService-Info.plist */; };
		F0CDE0A723279709007126DE /* User.swift in Sources */ = {isa = PBXBuildFile; fileRef = F0CDE0A623279709007126DE /* User.swift */; };
		F0CDE0A923279719007126DE /* Spot.swift in Sources */ = {isa = PBXBuildFile; fileRef = F0CDE0A823279719007126DE /* Spot.swift */; };
		F0CDE0AB2327A99C007126DE /* CreateSpotViewController.swift in Sources */ = {isa = PBXBuildFile; fileRef = F0CDE0AA2327A99C007126DE /* CreateSpotViewController.swift */; };
		F0D52809232786770023B226 /* AppDelegate.swift in Sources */ = {isa = PBXBuildFile; fileRef = F0D52808232786770023B226 /* AppDelegate.swift */; };
		F0D5280B232786770023B226 /* SpotViewController.swift in Sources */ = {isa = PBXBuildFile; fileRef = F0D5280A232786770023B226 /* SpotViewController.swift */; };
		F0D5280E232786770023B226 /* Main.storyboard in Resources */ = {isa = PBXBuildFile; fileRef = F0D5280C232786770023B226 /* Main.storyboard */; };
		F0D52810232786780023B226 /* Assets.xcassets in Resources */ = {isa = PBXBuildFile; fileRef = F0D5280F232786780023B226 /* Assets.xcassets */; };
		F0D52813232786780023B226 /* LaunchScreen.storyboard in Resources */ = {isa = PBXBuildFile; fileRef = F0D52811232786780023B226 /* LaunchScreen.storyboard */; };
/* End PBXBuildFile section */

/* Begin PBXFileReference section */
		156F5639327E14F2FCEF3D89 /* Pods-Spot.release.xcconfig */ = {isa = PBXFileReference; includeInIndex = 1; lastKnownFileType = text.xcconfig; name = "Pods-Spot.release.xcconfig"; path = "Target Support Files/Pods-Spot/Pods-Spot.release.xcconfig"; sourceTree = "<group>"; };
		69D45E66E98844E453A429FB /* Pods_Spot.framework */ = {isa = PBXFileReference; explicitFileType = wrapper.framework; includeInIndex = 0; path = Pods_Spot.framework; sourceTree = BUILT_PRODUCTS_DIR; };
		BDC02235817325F6A3E1ECAE /* Pods-Spot.debug.xcconfig */ = {isa = PBXFileReference; includeInIndex = 1; lastKnownFileType = text.xcconfig; name = "Pods-Spot.debug.xcconfig"; path = "Target Support Files/Pods-Spot/Pods-Spot.debug.xcconfig"; sourceTree = "<group>"; };
		F016E9F92330CDD400214C4E /* FirestoreReferenceManager.swift */ = {isa = PBXFileReference; lastKnownFileType = sourcecode.swift; path = FirestoreReferenceManager.swift; sourceTree = "<group>"; };
		F016E9FB2330D46A00214C4E /* FirebaseKeys.swift */ = {isa = PBXFileReference; lastKnownFileType = sourcecode.swift; path = FirebaseKeys.swift; sourceTree = "<group>"; };
		F016E9FD2330E39D00214C4E /* StartViewController.swift */ = {isa = PBXFileReference; lastKnownFileType = sourcecode.swift; path = StartViewController.swift; sourceTree = "<group>"; };
		F016E9FF2330E58200214C4E /* LoginViewController.swift */ = {isa = PBXFileReference; lastKnownFileType = sourcecode.swift; path = LoginViewController.swift; sourceTree = "<group>"; };
		F016EA012330E5A400214C4E /* SignUpViewController.swift */ = {isa = PBXFileReference; lastKnownFileType = sourcecode.swift; path = SignUpViewController.swift; sourceTree = "<group>"; };
		F016EA0323311C5F00214C4E /* CreateSpotAddressViewController.swift */ = {isa = PBXFileReference; lastKnownFileType = sourcecode.swift; path = CreateSpotAddressViewController.swift; sourceTree = "<group>"; };
		F017F36E233250480093603E /* Extensions.swift */ = {isa = PBXFileReference; lastKnownFileType = sourcecode.swift; path = Extensions.swift; sourceTree = "<group>"; };
		F0198B18233B6DC3004BF277 /* ImageService.swift */ = {isa = PBXFileReference; lastKnownFileType = sourcecode.swift; path = ImageService.swift; sourceTree = "<group>"; };
		F01B3AC7232F8F4800B62D88 /* AlertService.swift */ = {isa = PBXFileReference; lastKnownFileType = sourcecode.swift; path = AlertService.swift; sourceTree = "<group>"; };
		F01B3AC9232FAF5800B62D88 /* SpotView.swift */ = {isa = PBXFileReference; lastKnownFileType = sourcecode.swift; path = SpotView.swift; sourceTree = "<group>"; };
		F01B3ACB232FB57D00B62D88 /* DetailViewController.swift */ = {isa = PBXFileReference; lastKnownFileType = sourcecode.swift; path = DetailViewController.swift; sourceTree = "<group>"; };
		F01E4C0223338BB500F7ADB6 /* CustomButton.swift */ = {isa = PBXFileReference; lastKnownFileType = sourcecode.swift; path = CustomButton.swift; sourceTree = "<group>"; };
		F01E4C0423338BD700F7ADB6 /* Colors.swift */ = {isa = PBXFileReference; lastKnownFileType = sourcecode.swift; path = Colors.swift; sourceTree = "<group>"; };
		F0CDE0A023278C6A007126DE /* GoogleService-Info.plist */ = {isa = PBXFileReference; fileEncoding = 4; lastKnownFileType = text.plist.xml; path = "GoogleService-Info.plist"; sourceTree = SOURCE_ROOT; };
		F0CDE0A623279709007126DE /* User.swift */ = {isa = PBXFileReference; lastKnownFileType = sourcecode.swift; path = User.swift; sourceTree = "<group>"; };
		F0CDE0A823279719007126DE /* Spot.swift */ = {isa = PBXFileReference; lastKnownFileType = sourcecode.swift; path = Spot.swift; sourceTree = "<group>"; };
		F0CDE0AA2327A99C007126DE /* CreateSpotViewController.swift */ = {isa = PBXFileReference; lastKnownFileType = sourcecode.swift; path = CreateSpotViewController.swift; sourceTree = "<group>"; };
		F0D52805232786770023B226 /* Spot.app */ = {isa = PBXFileReference; explicitFileType = wrapper.application; includeInIndex = 0; path = Spot.app; sourceTree = BUILT_PRODUCTS_DIR; };
		F0D52808232786770023B226 /* AppDelegate.swift */ = {isa = PBXFileReference; lastKnownFileType = sourcecode.swift; path = AppDelegate.swift; sourceTree = "<group>"; };
		F0D5280A232786770023B226 /* SpotViewController.swift */ = {isa = PBXFileReference; lastKnownFileType = sourcecode.swift; path = SpotViewController.swift; sourceTree = "<group>"; };
		F0D5280D232786770023B226 /* Base */ = {isa = PBXFileReference; lastKnownFileType = file.storyboard; name = Base; path = Base.lproj/Main.storyboard; sourceTree = "<group>"; };
		F0D5280F232786780023B226 /* Assets.xcassets */ = {isa = PBXFileReference; lastKnownFileType = folder.assetcatalog; path = Assets.xcassets; sourceTree = "<group>"; };
		F0D52812232786780023B226 /* Base */ = {isa = PBXFileReference; lastKnownFileType = file.storyboard; name = Base; path = Base.lproj/LaunchScreen.storyboard; sourceTree = "<group>"; };
		F0D52814232786780023B226 /* Info.plist */ = {isa = PBXFileReference; lastKnownFileType = text.plist.xml; path = Info.plist; sourceTree = "<group>"; };
/* End PBXFileReference section */

/* Begin PBXFrameworksBuildPhase section */
		F0D52802232786770023B226 /* Frameworks */ = {
			isa = PBXFrameworksBuildPhase;
			buildActionMask = 2147483647;
			files = (
				0484491BBCC92E3E18A37759 /* Pods_Spot.framework in Frameworks */,
			);
			runOnlyForDeploymentPostprocessing = 0;
		};
/* End PBXFrameworksBuildPhase section */

/* Begin PBXGroup section */
		DE6A402E99EE869D3DB3F258 /* Frameworks */ = {
			isa = PBXGroup;
			children = (
				69D45E66E98844E453A429FB /* Pods_Spot.framework */,
			);
			name = Frameworks;
			sourceTree = "<group>";
		};
		F016EA052331206600214C4E /* Controller */ = {
			isa = PBXGroup;
			children = (
				F016EA06233120AD00214C4E /* Authentication Controllers */,
				F0D5280A232786770023B226 /* SpotViewController.swift */,
				F0CDE0AA2327A99C007126DE /* CreateSpotViewController.swift */,
				F016EA0323311C5F00214C4E /* CreateSpotAddressViewController.swift */,
				F01B3ACB232FB57D00B62D88 /* DetailViewController.swift */,
			);
			path = Controller;
			sourceTree = "<group>";
		};
		F016EA06233120AD00214C4E /* Authentication Controllers */ = {
			isa = PBXGroup;
			children = (
				F016E9FD2330E39D00214C4E /* StartViewController.swift */,
				F016E9FF2330E58200214C4E /* LoginViewController.swift */,
				F016EA012330E5A400214C4E /* SignUpViewController.swift */,
			);
			path = "Authentication Controllers";
			sourceTree = "<group>";
		};
		F017F36D233235B10093603E /* View */ = {
			isa = PBXGroup;
			children = (
				F01B3AC9232FAF5800B62D88 /* SpotView.swift */,
				F0D5280C232786770023B226 /* Main.storyboard */,
				F0D52811232786780023B226 /* LaunchScreen.storyboard */,
				F01E4C0223338BB500F7ADB6 /* CustomButton.swift */,
				F01E4C0423338BD700F7ADB6 /* Colors.swift */,
			);
			path = View;
			sourceTree = "<group>";
		};
		F0D527FC232786770023B226 = {
			isa = PBXGroup;
			children = (
				F0D52807232786770023B226 /* Spot */,
				F0D52806232786770023B226 /* Products */,
				F47DA2DDF8F1071F1A7FA0E7 /* Pods */,
				DE6A402E99EE869D3DB3F258 /* Frameworks */,
			);
			sourceTree = "<group>";
		};
		F0D52806232786770023B226 /* Products */ = {
			isa = PBXGroup;
			children = (
				F0D52805232786770023B226 /* Spot.app */,
			);
			name = Products;
			sourceTree = "<group>";
		};
		F0D52807232786770023B226 /* Spot */ = {
			isa = PBXGroup;
			children = (
				F0D52808232786770023B226 /* AppDelegate.swift */,
				F0CDE0A023278C6A007126DE /* GoogleService-Info.plist */,
				F0D52814232786780023B226 /* Info.plist */,
				F016EA052331206600214C4E /* Controller */,
				F017F36D233235B10093603E /* View */,
				F0D5280F232786780023B226 /* Assets.xcassets */,
				F0CDE0A623279709007126DE /* User.swift */,
				F0CDE0A823279719007126DE /* Spot.swift */,
				F01B3AC7232F8F4800B62D88 /* AlertService.swift */,
				F016E9F92330CDD400214C4E /* FirestoreReferenceManager.swift */,
				F016E9FB2330D46A00214C4E /* FirebaseKeys.swift */,
				F017F36E233250480093603E /* Extensions.swift */,
				F0198B18233B6DC3004BF277 /* ImageService.swift */,
			);
			path = Spot;
			sourceTree = "<group>";
		};
		F47DA2DDF8F1071F1A7FA0E7 /* Pods */ = {
			isa = PBXGroup;
			children = (
				BDC02235817325F6A3E1ECAE /* Pods-Spot.debug.xcconfig */,
				156F5639327E14F2FCEF3D89 /* Pods-Spot.release.xcconfig */,
			);
			path = Pods;
			sourceTree = "<group>";
		};
/* End PBXGroup section */

/* Begin PBXNativeTarget section */
		F0D52804232786770023B226 /* Spot */ = {
			isa = PBXNativeTarget;
			buildConfigurationList = F0D52817232786780023B226 /* Build configuration list for PBXNativeTarget "Spot" */;
			buildPhases = (
				2D11921F9BE40455A2904B7B /* [CP] Check Pods Manifest.lock */,
				F0D52801232786770023B226 /* Sources */,
				F0D52802232786770023B226 /* Frameworks */,
				F0D52803232786770023B226 /* Resources */,
				4B30884F496A7918E9A0FD40 /* [CP] Embed Pods Frameworks */,
			);
			buildRules = (
			);
			dependencies = (
			);
			name = Spot;
			productName = Spot;
			productReference = F0D52805232786770023B226 /* Spot.app */;
			productType = "com.apple.product-type.application";
		};
/* End PBXNativeTarget section */

/* Begin PBXProject section */
		F0D527FD232786770023B226 /* Project object */ = {
			isa = PBXProject;
			attributes = {
				LastSwiftUpdateCheck = 1030;
				LastUpgradeCheck = 1030;
				ORGANIZATIONNAME = "Djilali Sakkar";
				TargetAttributes = {
					F0D52804232786770023B226 = {
						CreatedOnToolsVersion = 10.3;
					};
				};
			};
			buildConfigurationList = F0D52800232786770023B226 /* Build configuration list for PBXProject "Spot" */;
			compatibilityVersion = "Xcode 9.3";
			developmentRegion = en;
			hasScannedForEncodings = 0;
			knownRegions = (
				en,
				Base,
			);
			mainGroup = F0D527FC232786770023B226;
			productRefGroup = F0D52806232786770023B226 /* Products */;
			projectDirPath = "";
			projectRoot = "";
			targets = (
				F0D52804232786770023B226 /* Spot */,
			);
		};
/* End PBXProject section */

/* Begin PBXResourcesBuildPhase section */
		F0D52803232786770023B226 /* Resources */ = {
			isa = PBXResourcesBuildPhase;
			buildActionMask = 2147483647;
			files = (
				F0D52813232786780023B226 /* LaunchScreen.storyboard in Resources */,
				F0CDE0A123278C6A007126DE /* GoogleService-Info.plist in Resources */,
				F0D52810232786780023B226 /* Assets.xcassets in Resources */,
				F0D5280E232786770023B226 /* Main.storyboard in Resources */,
			);
			runOnlyForDeploymentPostprocessing = 0;
		};
/* End PBXResourcesBuildPhase section */

/* Begin PBXShellScriptBuildPhase section */
		2D11921F9BE40455A2904B7B /* [CP] Check Pods Manifest.lock */ = {
			isa = PBXShellScriptBuildPhase;
			buildActionMask = 2147483647;
			files = (
			);
			inputFileListPaths = (
			);
			inputPaths = (
				"${PODS_PODFILE_DIR_PATH}/Podfile.lock",
				"${PODS_ROOT}/Manifest.lock",
			);
			name = "[CP] Check Pods Manifest.lock";
			outputFileListPaths = (
			);
			outputPaths = (
				"$(DERIVED_FILE_DIR)/Pods-Spot-checkManifestLockResult.txt",
			);
			runOnlyForDeploymentPostprocessing = 0;
			shellPath = /bin/sh;
			shellScript = "diff \"${PODS_PODFILE_DIR_PATH}/Podfile.lock\" \"${PODS_ROOT}/Manifest.lock\" > /dev/null\nif [ $? != 0 ] ; then\n    # print error to STDERR\n    echo \"error: The sandbox is not in sync with the Podfile.lock. Run 'pod install' or update your CocoaPods installation.\" >&2\n    exit 1\nfi\n# This output is used by Xcode 'outputs' to avoid re-running this script phase.\necho \"SUCCESS\" > \"${SCRIPT_OUTPUT_FILE_0}\"\n";
			showEnvVarsInLog = 0;
		};
		4B30884F496A7918E9A0FD40 /* [CP] Embed Pods Frameworks */ = {
			isa = PBXShellScriptBuildPhase;
			buildActionMask = 2147483647;
			files = (
			);
			inputFileListPaths = (
				"${PODS_ROOT}/Target Support Files/Pods-Spot/Pods-Spot-frameworks-${CONFIGURATION}-input-files.xcfilelist",
			);
			name = "[CP] Embed Pods Frameworks";
			outputFileListPaths = (
				"${PODS_ROOT}/Target Support Files/Pods-Spot/Pods-Spot-frameworks-${CONFIGURATION}-output-files.xcfilelist",
			);
			runOnlyForDeploymentPostprocessing = 0;
			shellPath = /bin/sh;
			shellScript = "\"${PODS_ROOT}/Target Support Files/Pods-Spot/Pods-Spot-frameworks.sh\"\n";
			showEnvVarsInLog = 0;
		};
/* End PBXShellScriptBuildPhase section */

/* Begin PBXSourcesBuildPhase section */
		F0D52801232786770023B226 /* Sources */ = {
			isa = PBXSourcesBuildPhase;
			buildActionMask = 2147483647;
			files = (
				F016EA002330E58200214C4E /* LoginViewController.swift in Sources */,
				F0D5280B232786770023B226 /* SpotViewController.swift in Sources */,
				F016E9FA2330CDD400214C4E /* FirestoreReferenceManager.swift in Sources */,
				F01E4C0523338BD700F7ADB6 /* Colors.swift in Sources */,
				F016E9FC2330D46A00214C4E /* FirebaseKeys.swift in Sources */,
				F01E4C0323338BB500F7ADB6 /* CustomButton.swift in Sources */,
				F0CDE0AB2327A99C007126DE /* CreateSpotViewController.swift in Sources */,
				F0D52809232786770023B226 /* AppDelegate.swift in Sources */,
				F016E9FE2330E39D00214C4E /* StartViewController.swift in Sources */,
				F0CDE0A723279709007126DE /* User.swift in Sources */,
				F01B3ACA232FAF5800B62D88 /* SpotView.swift in Sources */,
				F0198B19233B6DC3004BF277 /* ImageService.swift in Sources */,
				F01B3AC8232F8F4800B62D88 /* AlertService.swift in Sources */,
				F017F36F233250480093603E /* Extensions.swift in Sources */,
				F0CDE0A923279719007126DE /* Spot.swift in Sources */,
				F016EA022330E5A400214C4E /* SignUpViewController.swift in Sources */,
				F01B3ACC232FB57D00B62D88 /* DetailViewController.swift in Sources */,
				F016EA0423311C5F00214C4E /* CreateSpotAddressViewController.swift in Sources */,
			);
			runOnlyForDeploymentPostprocessing = 0;
		};
/* End PBXSourcesBuildPhase section */

/* Begin PBXVariantGroup section */
		F0D5280C232786770023B226 /* Main.storyboard */ = {
			isa = PBXVariantGroup;
			children = (
				F0D5280D232786770023B226 /* Base */,
			);
			name = Main.storyboard;
			sourceTree = "<group>";
		};
		F0D52811232786780023B226 /* LaunchScreen.storyboard */ = {
			isa = PBXVariantGroup;
			children = (
				F0D52812232786780023B226 /* Base */,
			);
			name = LaunchScreen.storyboard;
			sourceTree = "<group>";
		};
/* End PBXVariantGroup section */

/* Begin XCBuildConfiguration section */
		F0D52815232786780023B226 /* Debug */ = {
			isa = XCBuildConfiguration;
			buildSettings = {
				ALWAYS_SEARCH_USER_PATHS = NO;
				CLANG_ANALYZER_NONNULL = YES;
				CLANG_ANALYZER_NUMBER_OBJECT_CONVERSION = YES_AGGRESSIVE;
				CLANG_CXX_LANGUAGE_STANDARD = "gnu++14";
				CLANG_CXX_LIBRARY = "libc++";
				CLANG_ENABLE_MODULES = YES;
				CLANG_ENABLE_OBJC_ARC = YES;
				CLANG_ENABLE_OBJC_WEAK = YES;
				CLANG_WARN_BLOCK_CAPTURE_AUTORELEASING = YES;
				CLANG_WARN_BOOL_CONVERSION = YES;
				CLANG_WARN_COMMA = YES;
				CLANG_WARN_CONSTANT_CONVERSION = YES;
				CLANG_WARN_DEPRECATED_OBJC_IMPLEMENTATIONS = YES;
				CLANG_WARN_DIRECT_OBJC_ISA_USAGE = YES_ERROR;
				CLANG_WARN_DOCUMENTATION_COMMENTS = YES;
				CLANG_WARN_EMPTY_BODY = YES;
				CLANG_WARN_ENUM_CONVERSION = YES;
				CLANG_WARN_INFINITE_RECURSION = YES;
				CLANG_WARN_INT_CONVERSION = YES;
				CLANG_WARN_NON_LITERAL_NULL_CONVERSION = YES;
				CLANG_WARN_OBJC_IMPLICIT_RETAIN_SELF = YES;
				CLANG_WARN_OBJC_LITERAL_CONVERSION = YES;
				CLANG_WARN_OBJC_ROOT_CLASS = YES_ERROR;
				CLANG_WARN_RANGE_LOOP_ANALYSIS = YES;
				CLANG_WARN_STRICT_PROTOTYPES = YES;
				CLANG_WARN_SUSPICIOUS_MOVE = YES;
				CLANG_WARN_UNGUARDED_AVAILABILITY = YES_AGGRESSIVE;
				CLANG_WARN_UNREACHABLE_CODE = YES;
				CLANG_WARN__DUPLICATE_METHOD_MATCH = YES;
				CODE_SIGN_IDENTITY = "iPhone Developer";
				COPY_PHASE_STRIP = NO;
				DEBUG_INFORMATION_FORMAT = dwarf;
				ENABLE_STRICT_OBJC_MSGSEND = YES;
				ENABLE_TESTABILITY = YES;
				GCC_C_LANGUAGE_STANDARD = gnu11;
				GCC_DYNAMIC_NO_PIC = NO;
				GCC_NO_COMMON_BLOCKS = YES;
				GCC_OPTIMIZATION_LEVEL = 0;
				GCC_PREPROCESSOR_DEFINITIONS = (
					"DEBUG=1",
					"$(inherited)",
				);
				GCC_WARN_64_TO_32_BIT_CONVERSION = YES;
				GCC_WARN_ABOUT_RETURN_TYPE = YES_ERROR;
				GCC_WARN_UNDECLARED_SELECTOR = YES;
				GCC_WARN_UNINITIALIZED_AUTOS = YES_AGGRESSIVE;
				GCC_WARN_UNUSED_FUNCTION = YES;
				GCC_WARN_UNUSED_VARIABLE = YES;
				IPHONEOS_DEPLOYMENT_TARGET = 12.4;
				MTL_ENABLE_DEBUG_INFO = INCLUDE_SOURCE;
				MTL_FAST_MATH = YES;
				ONLY_ACTIVE_ARCH = YES;
				SDKROOT = iphoneos;
				SWIFT_ACTIVE_COMPILATION_CONDITIONS = DEBUG;
				SWIFT_OPTIMIZATION_LEVEL = "-Onone";
			};
			name = Debug;
		};
		F0D52816232786780023B226 /* Release */ = {
			isa = XCBuildConfiguration;
			buildSettings = {
				ALWAYS_SEARCH_USER_PATHS = NO;
				CLANG_ANALYZER_NONNULL = YES;
				CLANG_ANALYZER_NUMBER_OBJECT_CONVERSION = YES_AGGRESSIVE;
				CLANG_CXX_LANGUAGE_STANDARD = "gnu++14";
				CLANG_CXX_LIBRARY = "libc++";
				CLANG_ENABLE_MODULES = YES;
				CLANG_ENABLE_OBJC_ARC = YES;
				CLANG_ENABLE_OBJC_WEAK = YES;
				CLANG_WARN_BLOCK_CAPTURE_AUTORELEASING = YES;
				CLANG_WARN_BOOL_CONVERSION = YES;
				CLANG_WARN_COMMA = YES;
				CLANG_WARN_CONSTANT_CONVERSION = YES;
				CLANG_WARN_DEPRECATED_OBJC_IMPLEMENTATIONS = YES;
				CLANG_WARN_DIRECT_OBJC_ISA_USAGE = YES_ERROR;
				CLANG_WARN_DOCUMENTATION_COMMENTS = YES;
				CLANG_WARN_EMPTY_BODY = YES;
				CLANG_WARN_ENUM_CONVERSION = YES;
				CLANG_WARN_INFINITE_RECURSION = YES;
				CLANG_WARN_INT_CONVERSION = YES;
				CLANG_WARN_NON_LITERAL_NULL_CONVERSION = YES;
				CLANG_WARN_OBJC_IMPLICIT_RETAIN_SELF = YES;
				CLANG_WARN_OBJC_LITERAL_CONVERSION = YES;
				CLANG_WARN_OBJC_ROOT_CLASS = YES_ERROR;
				CLANG_WARN_RANGE_LOOP_ANALYSIS = YES;
				CLANG_WARN_STRICT_PROTOTYPES = YES;
				CLANG_WARN_SUSPICIOUS_MOVE = YES;
				CLANG_WARN_UNGUARDED_AVAILABILITY = YES_AGGRESSIVE;
				CLANG_WARN_UNREACHABLE_CODE = YES;
				CLANG_WARN__DUPLICATE_METHOD_MATCH = YES;
				CODE_SIGN_IDENTITY = "iPhone Developer";
				COPY_PHASE_STRIP = NO;
				DEBUG_INFORMATION_FORMAT = "dwarf-with-dsym";
				ENABLE_NS_ASSERTIONS = NO;
				ENABLE_STRICT_OBJC_MSGSEND = YES;
				GCC_C_LANGUAGE_STANDARD = gnu11;
				GCC_NO_COMMON_BLOCKS = YES;
				GCC_WARN_64_TO_32_BIT_CONVERSION = YES;
				GCC_WARN_ABOUT_RETURN_TYPE = YES_ERROR;
				GCC_WARN_UNDECLARED_SELECTOR = YES;
				GCC_WARN_UNINITIALIZED_AUTOS = YES_AGGRESSIVE;
				GCC_WARN_UNUSED_FUNCTION = YES;
				GCC_WARN_UNUSED_VARIABLE = YES;
				IPHONEOS_DEPLOYMENT_TARGET = 12.4;
				MTL_ENABLE_DEBUG_INFO = NO;
				MTL_FAST_MATH = YES;
				SDKROOT = iphoneos;
				SWIFT_COMPILATION_MODE = wholemodule;
				SWIFT_OPTIMIZATION_LEVEL = "-O";
				VALIDATE_PRODUCT = YES;
			};
			name = Release;
		};
		F0D52818232786780023B226 /* Debug */ = {
			isa = XCBuildConfiguration;
			baseConfigurationReference = BDC02235817325F6A3E1ECAE /* Pods-Spot.debug.xcconfig */;
			buildSettings = {
				ASSETCATALOG_COMPILER_APPICON_NAME = AppIcon;
				CODE_SIGN_STYLE = Automatic;
				DEVELOPMENT_TEAM = NBSSU42XDA;
				INFOPLIST_FILE = Spot/Info.plist;
				IPHONEOS_DEPLOYMENT_TARGET = 11.0;
				LD_RUNPATH_SEARCH_PATHS = (
					"$(inherited)",
					"@executable_path/Frameworks",
				);
				PRODUCT_BUNDLE_IDENTIFIER = fr.djilalisakkar.Spot;
				PRODUCT_NAME = "$(TARGET_NAME)";
				SWIFT_VERSION = 5.0;
				TARGETED_DEVICE_FAMILY = "1,2";
			};
			name = Debug;
		};
		F0D52819232786780023B226 /* Release */ = {
			isa = XCBuildConfiguration;
			baseConfigurationReference = 156F5639327E14F2FCEF3D89 /* Pods-Spot.release.xcconfig */;
			buildSettings = {
				ASSETCATALOG_COMPILER_APPICON_NAME = AppIcon;
				CODE_SIGN_STYLE = Automatic;
				DEVELOPMENT_TEAM = NBSSU42XDA;
				INFOPLIST_FILE = Spot/Info.plist;
				IPHONEOS_DEPLOYMENT_TARGET = 11.0;
				LD_RUNPATH_SEARCH_PATHS = (
					"$(inherited)",
					"@executable_path/Frameworks",
				);
				PRODUCT_BUNDLE_IDENTIFIER = fr.djilalisakkar.Spot;
				PRODUCT_NAME = "$(TARGET_NAME)";
				SWIFT_VERSION = 5.0;
				TARGETED_DEVICE_FAMILY = "1,2";
			};
			name = Release;
		};
/* End XCBuildConfiguration section */

/* Begin XCConfigurationList section */
		F0D52800232786770023B226 /* Build configuration list for PBXProject "Spot" */ = {
			isa = XCConfigurationList;
			buildConfigurations = (
				F0D52815232786780023B226 /* Debug */,
				F0D52816232786780023B226 /* Release */,
			);
			defaultConfigurationIsVisible = 0;
			defaultConfigurationName = Release;
		};
		F0D52817232786780023B226 /* Build configuration list for PBXNativeTarget "Spot" */ = {
			isa = XCConfigurationList;
			buildConfigurations = (
				F0D52818232786780023B226 /* Debug */,
				F0D52819232786780023B226 /* Release */,
			);
			defaultConfigurationIsVisible = 0;
			defaultConfigurationName = Release;
		};
/* End XCConfigurationList section */
	};
	rootObject = F0D527FD232786770023B226 /* Project object */;
}
