// !$*UTF8*$!
{
	archiveVersion = 1;
	classes = {
	};
	objectVersion = 51;
	objects = {

/* Begin PBXBuildFile section */
		0484491BBCC92E3E18A37759 /* Pods_Spot.framework in Frameworks */ = {isa = PBXBuildFile; fileRef = 69D45E66E98844E453A429FB /* Pods_Spot.framework */; };
		17635541185BEDF82A4E1645 /* Pods_SpotTests.framework in Frameworks */ = {isa = PBXBuildFile; fileRef = 8C4C4DD508EB3330BF832A53 /* Pods_SpotTests.framework */; };
		F016EA002330E58200214C4E /* LoginViewController.swift in Sources */ = {isa = PBXBuildFile; fileRef = F016E9FF2330E58200214C4E /* LoginViewController.swift */; };
		F016EA022330E5A400214C4E /* SignUpViewController.swift in Sources */ = {isa = PBXBuildFile; fileRef = F016EA012330E5A400214C4E /* SignUpViewController.swift */; };
		F01B3AC8232F8F4800B62D88 /* AlertService.swift in Sources */ = {isa = PBXBuildFile; fileRef = F01B3AC7232F8F4800B62D88 /* AlertService.swift */; };
		F01CDA4F239273DB00A34E8E /* GoogleService-Info.plist in Resources */ = {isa = PBXBuildFile; fileRef = F01CDA4E239273DB00A34E8E /* GoogleService-Info.plist */; };
		F01E4C0323338BB500F7ADB6 /* CustomButton.swift in Sources */ = {isa = PBXBuildFile; fileRef = F01E4C0223338BB500F7ADB6 /* CustomButton.swift */; };
		F01E4C0523338BD700F7ADB6 /* Colors.swift in Sources */ = {isa = PBXBuildFile; fileRef = F01E4C0423338BD700F7ADB6 /* Colors.swift */; };
		F02AA3382386C47300D67E73 /* UIAlertController.swift in Sources */ = {isa = PBXBuildFile; fileRef = F02AA3372386C47300D67E73 /* UIAlertController.swift */; };
		F02AA33C2386D59100D67E73 /* ExplanationViewController.swift in Sources */ = {isa = PBXBuildFile; fileRef = F02AA33B2386D59100D67E73 /* ExplanationViewController.swift */; };
		F02F751A2373128800610F1B /* Profil.swift in Sources */ = {isa = PBXBuildFile; fileRef = F02F75192373128800610F1B /* Profil.swift */; };
		F04E3CF6235DAB4F0048D18A /* MapViewController.swift in Sources */ = {isa = PBXBuildFile; fileRef = F04E3CF5235DAB4F0048D18A /* MapViewController.swift */; };
		F04E3CF8235DB06E0048D18A /* CustomMarkerView.swift in Sources */ = {isa = PBXBuildFile; fileRef = F04E3CF7235DB06E0048D18A /* CustomMarkerView.swift */; };
		F04E3CFA235DB2F70048D18A /* DetailsViewController.swift in Sources */ = {isa = PBXBuildFile; fileRef = F04E3CF9235DB2F70048D18A /* DetailsViewController.swift */; };
		F04EBA97238443B2009B0074 /* UIViewController.swift in Sources */ = {isa = PBXBuildFile; fileRef = F04EBA96238443B2009B0074 /* UIViewController.swift */; };
		F04EBA9A23844465009B0074 /* CLLocation.swift in Sources */ = {isa = PBXBuildFile; fileRef = F04EBA9923844464009B0074 /* CLLocation.swift */; };
		F04EBA9C238444C3009B0074 /* UINavigationController.swift in Sources */ = {isa = PBXBuildFile; fileRef = F04EBA9B238444C3009B0074 /* UINavigationController.swift */; };
		F04EBA9E238444F4009B0074 /* UISearchBar.swift in Sources */ = {isa = PBXBuildFile; fileRef = F04EBA9D238444F4009B0074 /* UISearchBar.swift */; };
		F04EBAA0238445EA009B0074 /* UITextField.swift in Sources */ = {isa = PBXBuildFile; fileRef = F04EBA9F238445EA009B0074 /* UITextField.swift */; };
		F04EBAA22384463E009B0074 /* String.swift in Sources */ = {isa = PBXBuildFile; fileRef = F04EBAA12384463E009B0074 /* String.swift */; };
		F04EBAA423844664009B0074 /* Array.swift in Sources */ = {isa = PBXBuildFile; fileRef = F04EBAA323844664009B0074 /* Array.swift */; };
		F04FC19D23A430FC00766C73 /* SpotCreatorProfileViewController.swift in Sources */ = {isa = PBXBuildFile; fileRef = F04FC19C23A430FC00766C73 /* SpotCreatorProfileViewController.swift */; };
		F04FC23C2387105400EA857A /* FirebaseStorageManager.swift in Sources */ = {isa = PBXBuildFile; fileRef = F04FC23B2387105400EA857A /* FirebaseStorageManager.swift */; };
		F05048E2236D87C200F6F660 /* CustomCell.swift in Sources */ = {isa = PBXBuildFile; fileRef = F05048E1236D87C200F6F660 /* CustomCell.swift */; };
		F050CF67239E8D7E00D31800 /* UIColor.swift in Sources */ = {isa = PBXBuildFile; fileRef = F050CF66239E8D7E00D31800 /* UIColor.swift */; };
		F050CF69239E97CD00D31800 /* GlacialIndifference-Bold.otf in Resources */ = {isa = PBXBuildFile; fileRef = F050CF68239E97B500D31800 /* GlacialIndifference-Bold.otf */; };
		F052692523B02D070052D114 /* ProfileViewController.swift in Sources */ = {isa = PBXBuildFile; fileRef = F052692423B02D070052D114 /* ProfileViewController.swift */; };
		F0548EC923B974760083E354 /* CopyableLabel.swift in Sources */ = {isa = PBXBuildFile; fileRef = F0548EC823B974760083E354 /* CopyableLabel.swift */; };
		F055FB5F239FCC3B0005EEE5 /* CreateProfileViewController.swift in Sources */ = {isa = PBXBuildFile; fileRef = F055FB5E239FCC3B0005EEE5 /* CreateProfileViewController.swift */; };
		F05751F8236A20230051F777 /* AuthenticationService.swift in Sources */ = {isa = PBXBuildFile; fileRef = F05751F7236A20230051F777 /* AuthenticationService.swift */; };
		F05E72642396663500F6E61A /* SpotTests.swift in Sources */ = {isa = PBXBuildFile; fileRef = F05E72632396663500F6E61A /* SpotTests.swift */; };
		F05E726C2396668700F6E61A /* FirestoreServiceSpy.swift in Sources */ = {isa = PBXBuildFile; fileRef = F05E726B2396668700F6E61A /* FirestoreServiceSpy.swift */; };
		F0695A1D2372D5CB00F399B7 /* FirestoreService.swift in Sources */ = {isa = PBXBuildFile; fileRef = F0695A1C2372D5CB00F399B7 /* FirestoreService.swift */; };
		F0695A1F2372D7BB00F399B7 /* Endpoint.swift in Sources */ = {isa = PBXBuildFile; fileRef = F0695A1E2372D7BB00F399B7 /* Endpoint.swift */; };
		F0695A212372D88300F399B7 /* DocumentSerializableProtocol.swift in Sources */ = {isa = PBXBuildFile; fileRef = F0695A202372D88300F399B7 /* DocumentSerializableProtocol.swift */; };
		F0695A232372E0D200F399B7 /* Marker.swift in Sources */ = {isa = PBXBuildFile; fileRef = F0695A222372E0D200F399B7 /* Marker.swift */; };
		F06B84C823A78023003E3A5F /* SpotTableViewCell.swift in Sources */ = {isa = PBXBuildFile; fileRef = F06B84C623A78023003E3A5F /* SpotTableViewCell.swift */; };
		F06B84C923A78023003E3A5F /* SpotTableViewCell.xib in Resources */ = {isa = PBXBuildFile; fileRef = F06B84C723A78023003E3A5F /* SpotTableViewCell.xib */; };
		F096F51323857DC000DCD18A /* UIImageView.swift in Sources */ = {isa = PBXBuildFile; fileRef = F096F51223857DC000DCD18A /* UIImageView.swift */; };
		F096F51523857DF900DCD18A /* UILabel.swift in Sources */ = {isa = PBXBuildFile; fileRef = F096F51423857DF900DCD18A /* UILabel.swift */; };
		F096F51723857E2F00DCD18A /* Date.swift in Sources */ = {isa = PBXBuildFile; fileRef = F096F51623857E2F00DCD18A /* Date.swift */; };
		F096F51923857E7500DCD18A /* Bool.swift in Sources */ = {isa = PBXBuildFile; fileRef = F096F51823857E7500DCD18A /* Bool.swift */; };
		F0986B23239D5D6E006B3813 /* LeagueSpartan-Bold.otf in Resources */ = {isa = PBXBuildFile; fileRef = F0C95BC7239D599900CF5254 /* LeagueSpartan-Bold.otf */; };
		F0986B26239D5E4C006B3813 /* GlacialIndifference-Regular.otf in Resources */ = {isa = PBXBuildFile; fileRef = F0986B25239D5E48006B3813 /* GlacialIndifference-Regular.otf */; };
		F0A3C81423C4C965008CF54B /* Quicksand-Bold.otf in Resources */ = {isa = PBXBuildFile; fileRef = F0A3C81323C4C8B1008CF54B /* Quicksand-Bold.otf */; };
		F0A3C81523C4C968008CF54B /* Quicksand-Regular.otf in Resources */ = {isa = PBXBuildFile; fileRef = F0A3C81223C4C8AF008CF54B /* Quicksand-Regular.otf */; };
		F0C1402B23686D1900341744 /* FavoriteButton.swift in Sources */ = {isa = PBXBuildFile; fileRef = F0C1402A23686D1900341744 /* FavoriteButton.swift */; };
		F0CDE0A923279719007126DE /* Spot.swift in Sources */ = {isa = PBXBuildFile; fileRef = F0CDE0A823279719007126DE /* Spot.swift */; };
		F0CDE0AB2327A99C007126DE /* CreateSpotViewController.swift in Sources */ = {isa = PBXBuildFile; fileRef = F0CDE0AA2327A99C007126DE /* CreateSpotViewController.swift */; };
		F0CE143B236C42E60025446B /* FavoriteViewController.swift in Sources */ = {isa = PBXBuildFile; fileRef = F0CE143A236C42E60025446B /* FavoriteViewController.swift */; };
		F0D52809232786770023B226 /* AppDelegate.swift in Sources */ = {isa = PBXBuildFile; fileRef = F0D52808232786770023B226 /* AppDelegate.swift */; };
		F0D5280E232786770023B226 /* Main.storyboard in Resources */ = {isa = PBXBuildFile; fileRef = F0D5280C232786770023B226 /* Main.storyboard */; };
		F0D52810232786780023B226 /* Assets.xcassets in Resources */ = {isa = PBXBuildFile; fileRef = F0D5280F232786780023B226 /* Assets.xcassets */; };
		F0D52813232786780023B226 /* LaunchScreen.storyboard in Resources */ = {isa = PBXBuildFile; fileRef = F0D52811232786780023B226 /* LaunchScreen.storyboard */; };
		F0E6746123B11584007B84E9 /* CollectionViewCell.swift in Sources */ = {isa = PBXBuildFile; fileRef = F0E6745F23B11584007B84E9 /* CollectionViewCell.swift */; };
		F0E6746223B11584007B84E9 /* CollectionViewCell.xib in Resources */ = {isa = PBXBuildFile; fileRef = F0E6746023B11584007B84E9 /* CollectionViewCell.xib */; };
/* End PBXBuildFile section */

/* Begin PBXContainerItemProxy section */
		F05E72662396663500F6E61A /* PBXContainerItemProxy */ = {
			isa = PBXContainerItemProxy;
			containerPortal = F0D527FD232786770023B226 /* Project object */;
			proxyType = 1;
			remoteGlobalIDString = F0D52804232786770023B226;
			remoteInfo = Spot;
		};
/* End PBXContainerItemProxy section */

/* Begin PBXFileReference section */
		156F5639327E14F2FCEF3D89 /* Pods-Spot.release.xcconfig */ = {isa = PBXFileReference; includeInIndex = 1; lastKnownFileType = text.xcconfig; name = "Pods-Spot.release.xcconfig"; path = "Target Support Files/Pods-Spot/Pods-Spot.release.xcconfig"; sourceTree = "<group>"; };
		44A991A86A1BB43DDEE49757 /* Pods-SpotTests.debug.xcconfig */ = {isa = PBXFileReference; includeInIndex = 1; lastKnownFileType = text.xcconfig; name = "Pods-SpotTests.debug.xcconfig"; path = "Target Support Files/Pods-SpotTests/Pods-SpotTests.debug.xcconfig"; sourceTree = "<group>"; };
		55EC65B87B275DFEF5F6327C /* Pods-Spot-SpotTests.debug.xcconfig */ = {isa = PBXFileReference; includeInIndex = 1; lastKnownFileType = text.xcconfig; name = "Pods-Spot-SpotTests.debug.xcconfig"; path = "Target Support Files/Pods-Spot-SpotTests/Pods-Spot-SpotTests.debug.xcconfig"; sourceTree = "<group>"; };
		69D45E66E98844E453A429FB /* Pods_Spot.framework */ = {isa = PBXFileReference; explicitFileType = wrapper.framework; includeInIndex = 0; path = Pods_Spot.framework; sourceTree = BUILT_PRODUCTS_DIR; };
		8C4C4DD508EB3330BF832A53 /* Pods_SpotTests.framework */ = {isa = PBXFileReference; explicitFileType = wrapper.framework; includeInIndex = 0; path = Pods_SpotTests.framework; sourceTree = BUILT_PRODUCTS_DIR; };
		BDC02235817325F6A3E1ECAE /* Pods-Spot.debug.xcconfig */ = {isa = PBXFileReference; includeInIndex = 1; lastKnownFileType = text.xcconfig; name = "Pods-Spot.debug.xcconfig"; path = "Target Support Files/Pods-Spot/Pods-Spot.debug.xcconfig"; sourceTree = "<group>"; };
		D45C6BA2F0BC67C37477B12B /* Pods-Spot-SpotTests.release.xcconfig */ = {isa = PBXFileReference; includeInIndex = 1; lastKnownFileType = text.xcconfig; name = "Pods-Spot-SpotTests.release.xcconfig"; path = "Target Support Files/Pods-Spot-SpotTests/Pods-Spot-SpotTests.release.xcconfig"; sourceTree = "<group>"; };
		E3E35D4DCEAD0AB15A59E2A4 /* Pods-SpotTests.release.xcconfig */ = {isa = PBXFileReference; includeInIndex = 1; lastKnownFileType = text.xcconfig; name = "Pods-SpotTests.release.xcconfig"; path = "Target Support Files/Pods-SpotTests/Pods-SpotTests.release.xcconfig"; sourceTree = "<group>"; };
		F016E9FF2330E58200214C4E /* LoginViewController.swift */ = {isa = PBXFileReference; lastKnownFileType = sourcecode.swift; path = LoginViewController.swift; sourceTree = "<group>"; };
		F016EA012330E5A400214C4E /* SignUpViewController.swift */ = {isa = PBXFileReference; lastKnownFileType = sourcecode.swift; path = SignUpViewController.swift; sourceTree = "<group>"; };
		F01B3AC7232F8F4800B62D88 /* AlertService.swift */ = {isa = PBXFileReference; lastKnownFileType = sourcecode.swift; path = AlertService.swift; sourceTree = "<group>"; };
		F01CDA4E239273DB00A34E8E /* GoogleService-Info.plist */ = {isa = PBXFileReference; fileEncoding = 4; lastKnownFileType = text.plist.xml; path = "GoogleService-Info.plist"; sourceTree = "<group>"; };
		F01E4C0223338BB500F7ADB6 /* CustomButton.swift */ = {isa = PBXFileReference; lastKnownFileType = sourcecode.swift; path = CustomButton.swift; sourceTree = "<group>"; };
		F01E4C0423338BD700F7ADB6 /* Colors.swift */ = {isa = PBXFileReference; lastKnownFileType = sourcecode.swift; path = Colors.swift; sourceTree = "<group>"; };
		F02AA3372386C47300D67E73 /* UIAlertController.swift */ = {isa = PBXFileReference; lastKnownFileType = sourcecode.swift; path = UIAlertController.swift; sourceTree = "<group>"; };
		F02AA33B2386D59100D67E73 /* ExplanationViewController.swift */ = {isa = PBXFileReference; lastKnownFileType = sourcecode.swift; path = ExplanationViewController.swift; sourceTree = "<group>"; };
		F02F75192373128800610F1B /* Profil.swift */ = {isa = PBXFileReference; lastKnownFileType = sourcecode.swift; path = Profil.swift; sourceTree = "<group>"; };
		F04E3CF5235DAB4F0048D18A /* MapViewController.swift */ = {isa = PBXFileReference; lastKnownFileType = sourcecode.swift; path = MapViewController.swift; sourceTree = "<group>"; };
		F04E3CF7235DB06E0048D18A /* CustomMarkerView.swift */ = {isa = PBXFileReference; lastKnownFileType = sourcecode.swift; path = CustomMarkerView.swift; sourceTree = "<group>"; };
		F04E3CF9235DB2F70048D18A /* DetailsViewController.swift */ = {isa = PBXFileReference; lastKnownFileType = sourcecode.swift; path = DetailsViewController.swift; sourceTree = "<group>"; };
		F04EBA96238443B2009B0074 /* UIViewController.swift */ = {isa = PBXFileReference; lastKnownFileType = sourcecode.swift; path = UIViewController.swift; sourceTree = "<group>"; };
		F04EBA9923844464009B0074 /* CLLocation.swift */ = {isa = PBXFileReference; lastKnownFileType = sourcecode.swift; path = CLLocation.swift; sourceTree = "<group>"; };
		F04EBA9B238444C3009B0074 /* UINavigationController.swift */ = {isa = PBXFileReference; lastKnownFileType = sourcecode.swift; path = UINavigationController.swift; sourceTree = "<group>"; };
		F04EBA9D238444F4009B0074 /* UISearchBar.swift */ = {isa = PBXFileReference; lastKnownFileType = sourcecode.swift; path = UISearchBar.swift; sourceTree = "<group>"; };
		F04EBA9F238445EA009B0074 /* UITextField.swift */ = {isa = PBXFileReference; lastKnownFileType = sourcecode.swift; path = UITextField.swift; sourceTree = "<group>"; };
		F04EBAA12384463E009B0074 /* String.swift */ = {isa = PBXFileReference; lastKnownFileType = sourcecode.swift; path = String.swift; sourceTree = "<group>"; };
		F04EBAA323844664009B0074 /* Array.swift */ = {isa = PBXFileReference; lastKnownFileType = sourcecode.swift; path = Array.swift; sourceTree = "<group>"; };
		F04FC19C23A430FC00766C73 /* SpotCreatorProfileViewController.swift */ = {isa = PBXFileReference; lastKnownFileType = sourcecode.swift; path = SpotCreatorProfileViewController.swift; sourceTree = "<group>"; };
		F04FC23B2387105400EA857A /* FirebaseStorageManager.swift */ = {isa = PBXFileReference; lastKnownFileType = sourcecode.swift; path = FirebaseStorageManager.swift; sourceTree = "<group>"; };
		F05048E1236D87C200F6F660 /* CustomCell.swift */ = {isa = PBXFileReference; lastKnownFileType = sourcecode.swift; path = CustomCell.swift; sourceTree = "<group>"; };
		F050CF66239E8D7E00D31800 /* UIColor.swift */ = {isa = PBXFileReference; lastKnownFileType = sourcecode.swift; path = UIColor.swift; sourceTree = "<group>"; };
		F050CF68239E97B500D31800 /* GlacialIndifference-Bold.otf */ = {isa = PBXFileReference; lastKnownFileType = file; path = "GlacialIndifference-Bold.otf"; sourceTree = "<group>"; };
		F052692423B02D070052D114 /* ProfileViewController.swift */ = {isa = PBXFileReference; lastKnownFileType = sourcecode.swift; path = ProfileViewController.swift; sourceTree = "<group>"; };
		F0548EC823B974760083E354 /* CopyableLabel.swift */ = {isa = PBXFileReference; lastKnownFileType = sourcecode.swift; path = CopyableLabel.swift; sourceTree = "<group>"; };
		F055FB5E239FCC3B0005EEE5 /* CreateProfileViewController.swift */ = {isa = PBXFileReference; lastKnownFileType = sourcecode.swift; path = CreateProfileViewController.swift; sourceTree = "<group>"; };
		F05751F7236A20230051F777 /* AuthenticationService.swift */ = {isa = PBXFileReference; lastKnownFileType = sourcecode.swift; path = AuthenticationService.swift; sourceTree = "<group>"; };
		F05E72612396663500F6E61A /* SpotTests.xctest */ = {isa = PBXFileReference; explicitFileType = wrapper.cfbundle; includeInIndex = 0; path = SpotTests.xctest; sourceTree = BUILT_PRODUCTS_DIR; };
		F05E72632396663500F6E61A /* SpotTests.swift */ = {isa = PBXFileReference; lastKnownFileType = sourcecode.swift; path = SpotTests.swift; sourceTree = "<group>"; };
		F05E72652396663500F6E61A /* Info.plist */ = {isa = PBXFileReference; lastKnownFileType = text.plist.xml; path = Info.plist; sourceTree = "<group>"; };
		F05E726B2396668700F6E61A /* FirestoreServiceSpy.swift */ = {isa = PBXFileReference; fileEncoding = 4; lastKnownFileType = sourcecode.swift; path = FirestoreServiceSpy.swift; sourceTree = "<group>"; };
		F0695A1C2372D5CB00F399B7 /* FirestoreService.swift */ = {isa = PBXFileReference; lastKnownFileType = sourcecode.swift; path = FirestoreService.swift; sourceTree = "<group>"; };
		F0695A1E2372D7BB00F399B7 /* Endpoint.swift */ = {isa = PBXFileReference; lastKnownFileType = sourcecode.swift; path = Endpoint.swift; sourceTree = "<group>"; };
		F0695A202372D88300F399B7 /* DocumentSerializableProtocol.swift */ = {isa = PBXFileReference; lastKnownFileType = sourcecode.swift; path = DocumentSerializableProtocol.swift; sourceTree = "<group>"; };
		F0695A222372E0D200F399B7 /* Marker.swift */ = {isa = PBXFileReference; lastKnownFileType = sourcecode.swift; path = Marker.swift; sourceTree = "<group>"; };
		F06B84C623A78023003E3A5F /* SpotTableViewCell.swift */ = {isa = PBXFileReference; lastKnownFileType = sourcecode.swift; path = SpotTableViewCell.swift; sourceTree = "<group>"; };
		F06B84C723A78023003E3A5F /* SpotTableViewCell.xib */ = {isa = PBXFileReference; lastKnownFileType = file.xib; path = SpotTableViewCell.xib; sourceTree = "<group>"; };
		F096F51223857DC000DCD18A /* UIImageView.swift */ = {isa = PBXFileReference; lastKnownFileType = sourcecode.swift; path = UIImageView.swift; sourceTree = "<group>"; };
		F096F51423857DF900DCD18A /* UILabel.swift */ = {isa = PBXFileReference; lastKnownFileType = sourcecode.swift; path = UILabel.swift; sourceTree = "<group>"; };
		F096F51623857E2F00DCD18A /* Date.swift */ = {isa = PBXFileReference; lastKnownFileType = sourcecode.swift; path = Date.swift; sourceTree = "<group>"; };
		F096F51823857E7500DCD18A /* Bool.swift */ = {isa = PBXFileReference; lastKnownFileType = sourcecode.swift; path = Bool.swift; sourceTree = "<group>"; };
		F0986B25239D5E48006B3813 /* GlacialIndifference-Regular.otf */ = {isa = PBXFileReference; lastKnownFileType = file; path = "GlacialIndifference-Regular.otf"; sourceTree = "<group>"; };
		F0A3C81223C4C8AF008CF54B /* Quicksand-Regular.otf */ = {isa = PBXFileReference; lastKnownFileType = file; path = "Quicksand-Regular.otf"; sourceTree = "<group>"; };
		F0A3C81323C4C8B1008CF54B /* Quicksand-Bold.otf */ = {isa = PBXFileReference; lastKnownFileType = file; path = "Quicksand-Bold.otf"; sourceTree = "<group>"; };
		F0C1402A23686D1900341744 /* FavoriteButton.swift */ = {isa = PBXFileReference; lastKnownFileType = sourcecode.swift; path = FavoriteButton.swift; sourceTree = "<group>"; };
		F0C95BC7239D599900CF5254 /* LeagueSpartan-Bold.otf */ = {isa = PBXFileReference; lastKnownFileType = file; path = "LeagueSpartan-Bold.otf"; sourceTree = "<group>"; };
		F0CDE0A823279719007126DE /* Spot.swift */ = {isa = PBXFileReference; lastKnownFileType = sourcecode.swift; path = Spot.swift; sourceTree = "<group>"; };
		F0CDE0AA2327A99C007126DE /* CreateSpotViewController.swift */ = {isa = PBXFileReference; lastKnownFileType = sourcecode.swift; path = CreateSpotViewController.swift; sourceTree = "<group>"; };
		F0CE143A236C42E60025446B /* FavoriteViewController.swift */ = {isa = PBXFileReference; lastKnownFileType = sourcecode.swift; path = FavoriteViewController.swift; sourceTree = "<group>"; };
		F0D52805232786770023B226 /* Spoteo.app */ = {isa = PBXFileReference; explicitFileType = wrapper.application; includeInIndex = 0; path = Spoteo.app; sourceTree = BUILT_PRODUCTS_DIR; };
		F0D52808232786770023B226 /* AppDelegate.swift */ = {isa = PBXFileReference; lastKnownFileType = sourcecode.swift; path = AppDelegate.swift; sourceTree = "<group>"; };
		F0D5280D232786770023B226 /* Base */ = {isa = PBXFileReference; lastKnownFileType = file.storyboard; name = Base; path = Base.lproj/Main.storyboard; sourceTree = "<group>"; };
		F0D5280F232786780023B226 /* Assets.xcassets */ = {isa = PBXFileReference; lastKnownFileType = folder.assetcatalog; path = Assets.xcassets; sourceTree = "<group>"; };
		F0D52812232786780023B226 /* Base */ = {isa = PBXFileReference; lastKnownFileType = file.storyboard; name = Base; path = Base.lproj/LaunchScreen.storyboard; sourceTree = "<group>"; };
		F0D52814232786780023B226 /* Info.plist */ = {isa = PBXFileReference; lastKnownFileType = text.plist.xml; path = Info.plist; sourceTree = "<group>"; };
		F0E6745F23B11584007B84E9 /* CollectionViewCell.swift */ = {isa = PBXFileReference; lastKnownFileType = sourcecode.swift; path = CollectionViewCell.swift; sourceTree = "<group>"; };
		F0E6746023B11584007B84E9 /* CollectionViewCell.xib */ = {isa = PBXFileReference; lastKnownFileType = file.xib; path = CollectionViewCell.xib; sourceTree = "<group>"; };
/* End PBXFileReference section */

/* Begin PBXFrameworksBuildPhase section */
		F05E725E2396663500F6E61A /* Frameworks */ = {
			isa = PBXFrameworksBuildPhase;
			buildActionMask = 2147483647;
			files = (
				17635541185BEDF82A4E1645 /* Pods_SpotTests.framework in Frameworks */,
			);
			runOnlyForDeploymentPostprocessing = 0;
		};
		F0D52802232786770023B226 /* Frameworks */ = {
			isa = PBXFrameworksBuildPhase;
			buildActionMask = 2147483647;
			files = (
				0484491BBCC92E3E18A37759 /* Pods_Spot.framework in Frameworks */,
			);
			runOnlyForDeploymentPostprocessing = 0;
		};
/* End PBXFrameworksBuildPhase section */

/* Begin PBXGroup section */
		DE6A402E99EE869D3DB3F258 /* Frameworks */ = {
			isa = PBXGroup;
			children = (
				69D45E66E98844E453A429FB /* Pods_Spot.framework */,
				8C4C4DD508EB3330BF832A53 /* Pods_SpotTests.framework */,
			);
			name = Frameworks;
			sourceTree = "<group>";
		};
		F016EA052331206600214C4E /* Controller */ = {
			isa = PBXGroup;
			children = (
				F016EA06233120AD00214C4E /* Authentication Controllers */,
				F0CDE0AA2327A99C007126DE /* CreateSpotViewController.swift */,
				F04E3CF5235DAB4F0048D18A /* MapViewController.swift */,
				F04E3CF9235DB2F70048D18A /* DetailsViewController.swift */,
				F0CE143A236C42E60025446B /* FavoriteViewController.swift */,
				F02AA33B2386D59100D67E73 /* ExplanationViewController.swift */,
				F055FB5E239FCC3B0005EEE5 /* CreateProfileViewController.swift */,
				F04FC19C23A430FC00766C73 /* SpotCreatorProfileViewController.swift */,
				F052692423B02D070052D114 /* ProfileViewController.swift */,
			);
			path = Controller;
			sourceTree = "<group>";
		};
		F016EA06233120AD00214C4E /* Authentication Controllers */ = {
			isa = PBXGroup;
			children = (
				F016E9FF2330E58200214C4E /* LoginViewController.swift */,
				F016EA012330E5A400214C4E /* SignUpViewController.swift */,
			);
			path = "Authentication Controllers";
			sourceTree = "<group>";
		};
		F017F36D233235B10093603E /* View */ = {
			isa = PBXGroup;
			children = (
				F04E3CF7235DB06E0048D18A /* CustomMarkerView.swift */,
				F0D5280C232786770023B226 /* Main.storyboard */,
				F0D52811232786780023B226 /* LaunchScreen.storyboard */,
				F01E4C0223338BB500F7ADB6 /* CustomButton.swift */,
				F01E4C0423338BD700F7ADB6 /* Colors.swift */,
				F05048E1236D87C200F6F660 /* CustomCell.swift */,
				F0C1402A23686D1900341744 /* FavoriteButton.swift */,
				F06B84C623A78023003E3A5F /* SpotTableViewCell.swift */,
				F06B84C723A78023003E3A5F /* SpotTableViewCell.xib */,
				F0E6745F23B11584007B84E9 /* CollectionViewCell.swift */,
				F0E6746023B11584007B84E9 /* CollectionViewCell.xib */,
				F0548EC823B974760083E354 /* CopyableLabel.swift */,
			);
			path = View;
			sourceTree = "<group>";
		};
		F04EBA98238443CF009B0074 /* Extension */ = {
			isa = PBXGroup;
			children = (
				F04EBA96238443B2009B0074 /* UIViewController.swift */,
				F04EBA9923844464009B0074 /* CLLocation.swift */,
				F04EBA9B238444C3009B0074 /* UINavigationController.swift */,
				F04EBA9D238444F4009B0074 /* UISearchBar.swift */,
				F04EBA9F238445EA009B0074 /* UITextField.swift */,
				F04EBAA12384463E009B0074 /* String.swift */,
				F04EBAA323844664009B0074 /* Array.swift */,
				F096F51223857DC000DCD18A /* UIImageView.swift */,
				F096F51423857DF900DCD18A /* UILabel.swift */,
				F096F51623857E2F00DCD18A /* Date.swift */,
				F096F51823857E7500DCD18A /* Bool.swift */,
				F02AA3372386C47300D67E73 /* UIAlertController.swift */,
				F050CF66239E8D7E00D31800 /* UIColor.swift */,
			);
			path = Extension;
			sourceTree = "<group>";
		};
		F0528FAC23716ED900845538 /* Fonts */ = {
			isa = PBXGroup;
			children = (
				F0C95BC7239D599900CF5254 /* LeagueSpartan-Bold.otf */,
				F0986B25239D5E48006B3813 /* GlacialIndifference-Regular.otf */,
				F050CF68239E97B500D31800 /* GlacialIndifference-Bold.otf */,
				F0A3C81323C4C8B1008CF54B /* Quicksand-Bold.otf */,
				F0A3C81223C4C8AF008CF54B /* Quicksand-Regular.otf */,
			);
			path = Fonts;
			sourceTree = "<group>";
		};
		F054758823914E7100A1B268 /* Supporting files */ = {
			isa = PBXGroup;
			children = (
				F01CDA4E239273DB00A34E8E /* GoogleService-Info.plist */,
				F0D52814232786780023B226 /* Info.plist */,
				F0D52808232786770023B226 /* AppDelegate.swift */,
				F0D5280F232786780023B226 /* Assets.xcassets */,
			);
			path = "Supporting files";
			sourceTree = "<group>";
		};
		F05751F6236A1FD50051F777 /* Model */ = {
			isa = PBXGroup;
			children = (
				F0CDE0A823279719007126DE /* Spot.swift */,
				F01B3AC7232F8F4800B62D88 /* AlertService.swift */,
				F05751F7236A20230051F777 /* AuthenticationService.swift */,
				F0695A1C2372D5CB00F399B7 /* FirestoreService.swift */,
				F0695A1E2372D7BB00F399B7 /* Endpoint.swift */,
				F0695A202372D88300F399B7 /* DocumentSerializableProtocol.swift */,
				F0695A222372E0D200F399B7 /* Marker.swift */,
				F02F75192373128800610F1B /* Profil.swift */,
				F04FC23B2387105400EA857A /* FirebaseStorageManager.swift */,
			);
			path = Model;
			sourceTree = "<group>";
		};
		F05E72622396663500F6E61A /* SpotTests */ = {
			isa = PBXGroup;
			children = (
				F05E72632396663500F6E61A /* SpotTests.swift */,
				F05E726B2396668700F6E61A /* FirestoreServiceSpy.swift */,
				F05E72652396663500F6E61A /* Info.plist */,
			);
			path = SpotTests;
			sourceTree = "<group>";
		};
		F0D527FC232786770023B226 = {
			isa = PBXGroup;
			children = (
				F0D52807232786770023B226 /* Spot */,
				F05E72622396663500F6E61A /* SpotTests */,
				F0D52806232786770023B226 /* Products */,
				F47DA2DDF8F1071F1A7FA0E7 /* Pods */,
				DE6A402E99EE869D3DB3F258 /* Frameworks */,
			);
			sourceTree = "<group>";
		};
		F0D52806232786770023B226 /* Products */ = {
			isa = PBXGroup;
			children = (
				F0D52805232786770023B226 /* Spoteo.app */,
				F05E72612396663500F6E61A /* SpotTests.xctest */,
			);
			name = Products;
			sourceTree = "<group>";
		};
		F0D52807232786770023B226 /* Spot */ = {
			isa = PBXGroup;
			children = (
				F054758823914E7100A1B268 /* Supporting files */,
				F0528FAC23716ED900845538 /* Fonts */,
				F016EA052331206600214C4E /* Controller */,
				F017F36D233235B10093603E /* View */,
				F05751F6236A1FD50051F777 /* Model */,
				F04EBA98238443CF009B0074 /* Extension */,
			);
			path = Spot;
			sourceTree = "<group>";
		};
		F47DA2DDF8F1071F1A7FA0E7 /* Pods */ = {
			isa = PBXGroup;
			children = (
				BDC02235817325F6A3E1ECAE /* Pods-Spot.debug.xcconfig */,
				156F5639327E14F2FCEF3D89 /* Pods-Spot.release.xcconfig */,
				44A991A86A1BB43DDEE49757 /* Pods-SpotTests.debug.xcconfig */,
				E3E35D4DCEAD0AB15A59E2A4 /* Pods-SpotTests.release.xcconfig */,
				55EC65B87B275DFEF5F6327C /* Pods-Spot-SpotTests.debug.xcconfig */,
				D45C6BA2F0BC67C37477B12B /* Pods-Spot-SpotTests.release.xcconfig */,
			);
			path = Pods;
			sourceTree = "<group>";
		};
/* End PBXGroup section */

/* Begin PBXNativeTarget section */
		F05E72602396663500F6E61A /* SpotTests */ = {
			isa = PBXNativeTarget;
			buildConfigurationList = F05E72682396663500F6E61A /* Build configuration list for PBXNativeTarget "SpotTests" */;
			buildPhases = (
				129DEAE4EEA74E56751E82AB /* [CP] Check Pods Manifest.lock */,
				F05E725D2396663500F6E61A /* Sources */,
				F05E725E2396663500F6E61A /* Frameworks */,
				F05E725F2396663500F6E61A /* Resources */,
			);
			buildRules = (
			);
			dependencies = (
				F05E72672396663500F6E61A /* PBXTargetDependency */,
			);
			name = SpotTests;
			productName = SpotTests;
			productReference = F05E72612396663500F6E61A /* SpotTests.xctest */;
			productType = "com.apple.product-type.bundle.unit-test";
		};
		F0D52804232786770023B226 /* Spot */ = {
			isa = PBXNativeTarget;
			buildConfigurationList = F0D52817232786780023B226 /* Build configuration list for PBXNativeTarget "Spot" */;
			buildPhases = (
				2D11921F9BE40455A2904B7B /* [CP] Check Pods Manifest.lock */,
				F0D52801232786770023B226 /* Sources */,
				F0D52802232786770023B226 /* Frameworks */,
				F0D52803232786770023B226 /* Resources */,
				4B30884F496A7918E9A0FD40 /* [CP] Embed Pods Frameworks */,
				B230F61F6386533D0273B6F9 /* [CP] Copy Pods Resources */,
			);
			buildRules = (
			);
			dependencies = (
			);
			name = Spot;
			productName = Spot;
			productReference = F0D52805232786770023B226 /* Spoteo.app */;
			productType = "com.apple.product-type.application";
		};
/* End PBXNativeTarget section */

/* Begin PBXProject section */
		F0D527FD232786770023B226 /* Project object */ = {
			isa = PBXProject;
			attributes = {
				LastSwiftUpdateCheck = 1130;
				LastUpgradeCheck = 1030;
				ORGANIZATIONNAME = "Djilali Sakkar";
				TargetAttributes = {
					F05E72602396663500F6E61A = {
						CreatedOnToolsVersion = 11.2.1;
						TestTargetID = F0D52804232786770023B226;
					};
					F0D52804232786770023B226 = {
						CreatedOnToolsVersion = 10.3;
					};
				};
			};
			buildConfigurationList = F0D52800232786770023B226 /* Build configuration list for PBXProject "Spot" */;
			compatibilityVersion = "Xcode 9.3";
			developmentRegion = en;
			hasScannedForEncodings = 0;
			knownRegions = (
				en,
				Base,
			);
			mainGroup = F0D527FC232786770023B226;
			productRefGroup = F0D52806232786770023B226 /* Products */;
			projectDirPath = "";
			projectRoot = "";
			targets = (
				F0D52804232786770023B226 /* Spot */,
				F05E72602396663500F6E61A /* SpotTests */,
			);
		};
/* End PBXProject section */

/* Begin PBXResourcesBuildPhase section */
		F05E725F2396663500F6E61A /* Resources */ = {
			isa = PBXResourcesBuildPhase;
			buildActionMask = 2147483647;
			files = (
			);
			runOnlyForDeploymentPostprocessing = 0;
		};
		F0D52803232786770023B226 /* Resources */ = {
			isa = PBXResourcesBuildPhase;
			buildActionMask = 2147483647;
			files = (
				F050CF69239E97CD00D31800 /* GlacialIndifference-Bold.otf in Resources */,
				F0986B26239D5E4C006B3813 /* GlacialIndifference-Regular.otf in Resources */,
				F0D52813232786780023B226 /* LaunchScreen.storyboard in Resources */,
				F0E6746223B11584007B84E9 /* CollectionViewCell.xib in Resources */,
				F0A3C81423C4C965008CF54B /* Quicksand-Bold.otf in Resources */,
				F0D52810232786780023B226 /* Assets.xcassets in Resources */,
				F0A3C81523C4C968008CF54B /* Quicksand-Regular.otf in Resources */,
				F0D5280E232786770023B226 /* Main.storyboard in Resources */,
				F06B84C923A78023003E3A5F /* SpotTableViewCell.xib in Resources */,
				F01CDA4F239273DB00A34E8E /* GoogleService-Info.plist in Resources */,
				F0986B23239D5D6E006B3813 /* LeagueSpartan-Bold.otf in Resources */,
			);
			runOnlyForDeploymentPostprocessing = 0;
		};
/* End PBXResourcesBuildPhase section */

/* Begin PBXShellScriptBuildPhase section */
		129DEAE4EEA74E56751E82AB /* [CP] Check Pods Manifest.lock */ = {
			isa = PBXShellScriptBuildPhase;
			buildActionMask = 2147483647;
			files = (
			);
			inputFileListPaths = (
			);
			inputPaths = (
				"${PODS_PODFILE_DIR_PATH}/Podfile.lock",
				"${PODS_ROOT}/Manifest.lock",
			);
			name = "[CP] Check Pods Manifest.lock";
			outputFileListPaths = (
			);
			outputPaths = (
				"$(DERIVED_FILE_DIR)/Pods-SpotTests-checkManifestLockResult.txt",
			);
			runOnlyForDeploymentPostprocessing = 0;
			shellPath = /bin/sh;
			shellScript = "diff \"${PODS_PODFILE_DIR_PATH}/Podfile.lock\" \"${PODS_ROOT}/Manifest.lock\" > /dev/null\nif [ $? != 0 ] ; then\n    # print error to STDERR\n    echo \"error: The sandbox is not in sync with the Podfile.lock. Run 'pod install' or update your CocoaPods installation.\" >&2\n    exit 1\nfi\n# This output is used by Xcode 'outputs' to avoid re-running this script phase.\necho \"SUCCESS\" > \"${SCRIPT_OUTPUT_FILE_0}\"\n";
			showEnvVarsInLog = 0;
		};
		2D11921F9BE40455A2904B7B /* [CP] Check Pods Manifest.lock */ = {
			isa = PBXShellScriptBuildPhase;
			buildActionMask = 2147483647;
			files = (
			);
			inputFileListPaths = (
			);
			inputPaths = (
				"${PODS_PODFILE_DIR_PATH}/Podfile.lock",
				"${PODS_ROOT}/Manifest.lock",
			);
			name = "[CP] Check Pods Manifest.lock";
			outputFileListPaths = (
			);
			outputPaths = (
				"$(DERIVED_FILE_DIR)/Pods-Spot-checkManifestLockResult.txt",
			);
			runOnlyForDeploymentPostprocessing = 0;
			shellPath = /bin/sh;
			shellScript = "diff \"${PODS_PODFILE_DIR_PATH}/Podfile.lock\" \"${PODS_ROOT}/Manifest.lock\" > /dev/null\nif [ $? != 0 ] ; then\n    # print error to STDERR\n    echo \"error: The sandbox is not in sync with the Podfile.lock. Run 'pod install' or update your CocoaPods installation.\" >&2\n    exit 1\nfi\n# This output is used by Xcode 'outputs' to avoid re-running this script phase.\necho \"SUCCESS\" > \"${SCRIPT_OUTPUT_FILE_0}\"\n";
			showEnvVarsInLog = 0;
		};
		4B30884F496A7918E9A0FD40 /* [CP] Embed Pods Frameworks */ = {
			isa = PBXShellScriptBuildPhase;
			buildActionMask = 2147483647;
			files = (
			);
			inputFileListPaths = (
				"${PODS_ROOT}/Target Support Files/Pods-Spot/Pods-Spot-frameworks-${CONFIGURATION}-input-files.xcfilelist",
			);
			name = "[CP] Embed Pods Frameworks";
			outputFileListPaths = (
				"${PODS_ROOT}/Target Support Files/Pods-Spot/Pods-Spot-frameworks-${CONFIGURATION}-output-files.xcfilelist",
			);
			runOnlyForDeploymentPostprocessing = 0;
			shellPath = /bin/sh;
			shellScript = "\"${PODS_ROOT}/Target Support Files/Pods-Spot/Pods-Spot-frameworks.sh\"\n";
			showEnvVarsInLog = 0;
		};
		B230F61F6386533D0273B6F9 /* [CP] Copy Pods Resources */ = {
			isa = PBXShellScriptBuildPhase;
			buildActionMask = 2147483647;
			files = (
			);
			inputFileListPaths = (
				"${PODS_ROOT}/Target Support Files/Pods-Spot/Pods-Spot-resources-${CONFIGURATION}-input-files.xcfilelist",
			);
			name = "[CP] Copy Pods Resources";
			outputFileListPaths = (
				"${PODS_ROOT}/Target Support Files/Pods-Spot/Pods-Spot-resources-${CONFIGURATION}-output-files.xcfilelist",
			);
			runOnlyForDeploymentPostprocessing = 0;
			shellPath = /bin/sh;
			shellScript = "\"${PODS_ROOT}/Target Support Files/Pods-Spot/Pods-Spot-resources.sh\"\n";
			showEnvVarsInLog = 0;
		};
/* End PBXShellScriptBuildPhase section */

/* Begin PBXSourcesBuildPhase section */
		F05E725D2396663500F6E61A /* Sources */ = {
			isa = PBXSourcesBuildPhase;
			buildActionMask = 2147483647;
			files = (
				F05E726C2396668700F6E61A /* FirestoreServiceSpy.swift in Sources */,
				F05E72642396663500F6E61A /* SpotTests.swift in Sources */,
			);
			runOnlyForDeploymentPostprocessing = 0;
		};
		F0D52801232786770023B226 /* Sources */ = {
			isa = PBXSourcesBuildPhase;
			buildActionMask = 2147483647;
			files = (
				F05048E2236D87C200F6F660 /* CustomCell.swift in Sources */,
				F04FC19D23A430FC00766C73 /* SpotCreatorProfileViewController.swift in Sources */,
				F016EA002330E58200214C4E /* LoginViewController.swift in Sources */,
				F04EBA97238443B2009B0074 /* UIViewController.swift in Sources */,
				F04EBA9A23844465009B0074 /* CLLocation.swift in Sources */,
				F0C1402B23686D1900341744 /* FavoriteButton.swift in Sources */,
				F04EBA9C238444C3009B0074 /* UINavigationController.swift in Sources */,
				F02AA3382386C47300D67E73 /* UIAlertController.swift in Sources */,
				F04FC23C2387105400EA857A /* FirebaseStorageManager.swift in Sources */,
				F04EBAA423844664009B0074 /* Array.swift in Sources */,
				F096F51723857E2F00DCD18A /* Date.swift in Sources */,
				F01E4C0523338BD700F7ADB6 /* Colors.swift in Sources */,
				F04E3CF8235DB06E0048D18A /* CustomMarkerView.swift in Sources */,
				F052692523B02D070052D114 /* ProfileViewController.swift in Sources */,
				F050CF67239E8D7E00D31800 /* UIColor.swift in Sources */,
				F02F751A2373128800610F1B /* Profil.swift in Sources */,
				F01E4C0323338BB500F7ADB6 /* CustomButton.swift in Sources */,
				F0CDE0AB2327A99C007126DE /* CreateSpotViewController.swift in Sources */,
				F04E3CF6235DAB4F0048D18A /* MapViewController.swift in Sources */,
				F055FB5F239FCC3B0005EEE5 /* CreateProfileViewController.swift in Sources */,
				F0D52809232786770023B226 /* AppDelegate.swift in Sources */,
				F04EBAA0238445EA009B0074 /* UITextField.swift in Sources */,
				F0CE143B236C42E60025446B /* FavoriteViewController.swift in Sources */,
				F0695A1D2372D5CB00F399B7 /* FirestoreService.swift in Sources */,
				F04E3CFA235DB2F70048D18A /* DetailsViewController.swift in Sources */,
				F0695A232372E0D200F399B7 /* Marker.swift in Sources */,
				F01B3AC8232F8F4800B62D88 /* AlertService.swift in Sources */,
				F0CDE0A923279719007126DE /* Spot.swift in Sources */,
				F0695A212372D88300F399B7 /* DocumentSerializableProtocol.swift in Sources */,
				F0548EC923B974760083E354 /* CopyableLabel.swift in Sources */,
				F016EA022330E5A400214C4E /* SignUpViewController.swift in Sources */,
				F02AA33C2386D59100D67E73 /* ExplanationViewController.swift in Sources */,
				F05751F8236A20230051F777 /* AuthenticationService.swift in Sources */,
				F096F51523857DF900DCD18A /* UILabel.swift in Sources */,
				F0E6746123B11584007B84E9 /* CollectionViewCell.swift in Sources */,
				F0695A1F2372D7BB00F399B7 /* Endpoint.swift in Sources */,
				F04EBAA22384463E009B0074 /* String.swift in Sources */,
				F096F51923857E7500DCD18A /* Bool.swift in Sources */,
				F06B84C823A78023003E3A5F /* SpotTableViewCell.swift in Sources */,
				F096F51323857DC000DCD18A /* UIImageView.swift in Sources */,
				F04EBA9E238444F4009B0074 /* UISearchBar.swift in Sources */,
			);
			runOnlyForDeploymentPostprocessing = 0;
		};
/* End PBXSourcesBuildPhase section */

/* Begin PBXTargetDependency section */
		F05E72672396663500F6E61A /* PBXTargetDependency */ = {
			isa = PBXTargetDependency;
			target = F0D52804232786770023B226 /* Spot */;
			targetProxy = F05E72662396663500F6E61A /* PBXContainerItemProxy */;
		};
/* End PBXTargetDependency section */

/* Begin PBXVariantGroup section */
		F0D5280C232786770023B226 /* Main.storyboard */ = {
			isa = PBXVariantGroup;
			children = (
				F0D5280D232786770023B226 /* Base */,
			);
			name = Main.storyboard;
			sourceTree = "<group>";
		};
		F0D52811232786780023B226 /* LaunchScreen.storyboard */ = {
			isa = PBXVariantGroup;
			children = (
				F0D52812232786780023B226 /* Base */,
			);
			name = LaunchScreen.storyboard;
			sourceTree = "<group>";
		};
/* End PBXVariantGroup section */

/* Begin XCBuildConfiguration section */
		F05E72692396663500F6E61A /* Debug */ = {
			isa = XCBuildConfiguration;
			baseConfigurationReference = 44A991A86A1BB43DDEE49757 /* Pods-SpotTests.debug.xcconfig */;
			buildSettings = {
				BUNDLE_LOADER = "$(TEST_HOST)";
				CODE_SIGN_STYLE = Automatic;
				DEVELOPMENT_TEAM = NBSSU42XDA;
				INFOPLIST_FILE = SpotTests/Info.plist;
				IPHONEOS_DEPLOYMENT_TARGET = 11.0;
				LD_RUNPATH_SEARCH_PATHS = (
					"$(inherited)",
					"@executable_path/Frameworks",
					"@loader_path/Frameworks",
				);
				PRODUCT_BUNDLE_IDENTIFIER = fr.djilalisakkar.SpotTests;
				PRODUCT_NAME = "$(TARGET_NAME)";
				SWIFT_VERSION = 5.0;
				TARGETED_DEVICE_FAMILY = "1,2";
				TEST_HOST = "$(BUILT_PRODUCTS_DIR)/Spot.app/Spot";
			};
			name = Debug;
		};
		F05E726A2396663500F6E61A /* Release */ = {
			isa = XCBuildConfiguration;
			baseConfigurationReference = E3E35D4DCEAD0AB15A59E2A4 /* Pods-SpotTests.release.xcconfig */;
			buildSettings = {
				BUNDLE_LOADER = "$(TEST_HOST)";
				CODE_SIGN_STYLE = Automatic;
				DEVELOPMENT_TEAM = NBSSU42XDA;
				INFOPLIST_FILE = SpotTests/Info.plist;
				IPHONEOS_DEPLOYMENT_TARGET = 11.0;
				LD_RUNPATH_SEARCH_PATHS = (
					"$(inherited)",
					"@executable_path/Frameworks",
					"@loader_path/Frameworks",
				);
				PRODUCT_BUNDLE_IDENTIFIER = fr.djilalisakkar.SpotTests;
				PRODUCT_NAME = "$(TARGET_NAME)";
				SWIFT_VERSION = 5.0;
				TARGETED_DEVICE_FAMILY = "1,2";
				TEST_HOST = "$(BUILT_PRODUCTS_DIR)/Spot.app/Spot";
			};
			name = Release;
		};
		F0D52815232786780023B226 /* Debug */ = {
			isa = XCBuildConfiguration;
			buildSettings = {
				ALWAYS_SEARCH_USER_PATHS = NO;
				CLANG_ANALYZER_NONNULL = YES;
				CLANG_ANALYZER_NUMBER_OBJECT_CONVERSION = YES_AGGRESSIVE;
				CLANG_CXX_LANGUAGE_STANDARD = "gnu++14";
				CLANG_CXX_LIBRARY = "libc++";
				CLANG_ENABLE_MODULES = YES;
				CLANG_ENABLE_OBJC_ARC = YES;
				CLANG_ENABLE_OBJC_WEAK = YES;
				CLANG_WARN_BLOCK_CAPTURE_AUTORELEASING = YES;
				CLANG_WARN_BOOL_CONVERSION = YES;
				CLANG_WARN_COMMA = YES;
				CLANG_WARN_CONSTANT_CONVERSION = YES;
				CLANG_WARN_DEPRECATED_OBJC_IMPLEMENTATIONS = YES;
				CLANG_WARN_DIRECT_OBJC_ISA_USAGE = YES_ERROR;
				CLANG_WARN_DOCUMENTATION_COMMENTS = YES;
				CLANG_WARN_EMPTY_BODY = YES;
				CLANG_WARN_ENUM_CONVERSION = YES;
				CLANG_WARN_INFINITE_RECURSION = YES;
				CLANG_WARN_INT_CONVERSION = YES;
				CLANG_WARN_NON_LITERAL_NULL_CONVERSION = YES;
				CLANG_WARN_OBJC_IMPLICIT_RETAIN_SELF = YES;
				CLANG_WARN_OBJC_LITERAL_CONVERSION = YES;
				CLANG_WARN_OBJC_ROOT_CLASS = YES_ERROR;
				CLANG_WARN_RANGE_LOOP_ANALYSIS = YES;
				CLANG_WARN_STRICT_PROTOTYPES = YES;
				CLANG_WARN_SUSPICIOUS_MOVE = YES;
				CLANG_WARN_UNGUARDED_AVAILABILITY = YES_AGGRESSIVE;
				CLANG_WARN_UNREACHABLE_CODE = YES;
				CLANG_WARN__DUPLICATE_METHOD_MATCH = YES;
				CODE_SIGN_IDENTITY = "iPhone Developer";
				COPY_PHASE_STRIP = NO;
				DEBUG_INFORMATION_FORMAT = dwarf;
				ENABLE_STRICT_OBJC_MSGSEND = YES;
				ENABLE_TESTABILITY = YES;
				GCC_C_LANGUAGE_STANDARD = gnu11;
				GCC_DYNAMIC_NO_PIC = NO;
				GCC_NO_COMMON_BLOCKS = YES;
				GCC_OPTIMIZATION_LEVEL = 0;
				GCC_PREPROCESSOR_DEFINITIONS = (
					"DEBUG=1",
					"$(inherited)",
				);
				GCC_WARN_64_TO_32_BIT_CONVERSION = YES;
				GCC_WARN_ABOUT_RETURN_TYPE = YES_ERROR;
				GCC_WARN_UNDECLARED_SELECTOR = YES;
				GCC_WARN_UNINITIALIZED_AUTOS = YES_AGGRESSIVE;
				GCC_WARN_UNUSED_FUNCTION = YES;
				GCC_WARN_UNUSED_VARIABLE = YES;
				IPHONEOS_DEPLOYMENT_TARGET = 12.4;
				MTL_ENABLE_DEBUG_INFO = INCLUDE_SOURCE;
				MTL_FAST_MATH = YES;
				ONLY_ACTIVE_ARCH = YES;
				SDKROOT = iphoneos;
				SWIFT_ACTIVE_COMPILATION_CONDITIONS = DEBUG;
				SWIFT_OPTIMIZATION_LEVEL = "-Onone";
			};
			name = Debug;
		};
		F0D52816232786780023B226 /* Release */ = {
			isa = XCBuildConfiguration;
			buildSettings = {
				ALWAYS_SEARCH_USER_PATHS = NO;
				CLANG_ANALYZER_NONNULL = YES;
				CLANG_ANALYZER_NUMBER_OBJECT_CONVERSION = YES_AGGRESSIVE;
				CLANG_CXX_LANGUAGE_STANDARD = "gnu++14";
				CLANG_CXX_LIBRARY = "libc++";
				CLANG_ENABLE_MODULES = YES;
				CLANG_ENABLE_OBJC_ARC = YES;
				CLANG_ENABLE_OBJC_WEAK = YES;
				CLANG_WARN_BLOCK_CAPTURE_AUTORELEASING = YES;
				CLANG_WARN_BOOL_CONVERSION = YES;
				CLANG_WARN_COMMA = YES;
				CLANG_WARN_CONSTANT_CONVERSION = YES;
				CLANG_WARN_DEPRECATED_OBJC_IMPLEMENTATIONS = YES;
				CLANG_WARN_DIRECT_OBJC_ISA_USAGE = YES_ERROR;
				CLANG_WARN_DOCUMENTATION_COMMENTS = YES;
				CLANG_WARN_EMPTY_BODY = YES;
				CLANG_WARN_ENUM_CONVERSION = YES;
				CLANG_WARN_INFINITE_RECURSION = YES;
				CLANG_WARN_INT_CONVERSION = YES;
				CLANG_WARN_NON_LITERAL_NULL_CONVERSION = YES;
				CLANG_WARN_OBJC_IMPLICIT_RETAIN_SELF = YES;
				CLANG_WARN_OBJC_LITERAL_CONVERSION = YES;
				CLANG_WARN_OBJC_ROOT_CLASS = YES_ERROR;
				CLANG_WARN_RANGE_LOOP_ANALYSIS = YES;
				CLANG_WARN_STRICT_PROTOTYPES = YES;
				CLANG_WARN_SUSPICIOUS_MOVE = YES;
				CLANG_WARN_UNGUARDED_AVAILABILITY = YES_AGGRESSIVE;
				CLANG_WARN_UNREACHABLE_CODE = YES;
				CLANG_WARN__DUPLICATE_METHOD_MATCH = YES;
				CODE_SIGN_IDENTITY = "iPhone Developer";
				COPY_PHASE_STRIP = NO;
				DEBUG_INFORMATION_FORMAT = "dwarf-with-dsym";
				ENABLE_NS_ASSERTIONS = NO;
				ENABLE_STRICT_OBJC_MSGSEND = YES;
				GCC_C_LANGUAGE_STANDARD = gnu11;
				GCC_NO_COMMON_BLOCKS = YES;
				GCC_WARN_64_TO_32_BIT_CONVERSION = YES;
				GCC_WARN_ABOUT_RETURN_TYPE = YES_ERROR;
				GCC_WARN_UNDECLARED_SELECTOR = YES;
				GCC_WARN_UNINITIALIZED_AUTOS = YES_AGGRESSIVE;
				GCC_WARN_UNUSED_FUNCTION = YES;
				GCC_WARN_UNUSED_VARIABLE = YES;
				IPHONEOS_DEPLOYMENT_TARGET = 12.4;
				MTL_ENABLE_DEBUG_INFO = NO;
				MTL_FAST_MATH = YES;
				SDKROOT = iphoneos;
				SWIFT_COMPILATION_MODE = wholemodule;
				SWIFT_OPTIMIZATION_LEVEL = "-O";
				VALIDATE_PRODUCT = YES;
			};
			name = Release;
		};
		F0D52818232786780023B226 /* Debug */ = {
			isa = XCBuildConfiguration;
			baseConfigurationReference = BDC02235817325F6A3E1ECAE /* Pods-Spot.debug.xcconfig */;
			buildSettings = {
				ASSETCATALOG_COMPILER_APPICON_NAME = AppIcon;
				CODE_SIGN_STYLE = Automatic;
				DEVELOPMENT_TEAM = NBSSU42XDA;
				INFOPLIST_FILE = "$(SRCROOT)/Spot/Supporting files/Info.plist";
				IPHONEOS_DEPLOYMENT_TARGET = 12.4;
				LD_RUNPATH_SEARCH_PATHS = (
					"$(inherited)",
					"@executable_path/Frameworks",
				);
				MARKETING_VERSION = 1.11;
				PRODUCT_BUNDLE_IDENTIFIER = fr.djilalisakkar.Spot;
				PRODUCT_NAME = Spoteo;
				SWIFT_VERSION = 5.0;
				TARGETED_DEVICE_FAMILY = 1;
			};
			name = Debug;
		};
		F0D52819232786780023B226 /* Release */ = {
			isa = XCBuildConfiguration;
			baseConfigurationReference = 156F5639327E14F2FCEF3D89 /* Pods-Spot.release.xcconfig */;
			buildSettings = {
				ASSETCATALOG_COMPILER_APPICON_NAME = AppIcon;
				CODE_SIGN_STYLE = Automatic;
				DEVELOPMENT_TEAM = NBSSU42XDA;
				INFOPLIST_FILE = "$(SRCROOT)/Spot/Supporting files/Info.plist";
				IPHONEOS_DEPLOYMENT_TARGET = 12.4;
				LD_RUNPATH_SEARCH_PATHS = (
					"$(inherited)",
					"@executable_path/Frameworks",
				);
				MARKETING_VERSION = 1.11;
				PRODUCT_BUNDLE_IDENTIFIER = fr.djilalisakkar.Spot;
				PRODUCT_NAME = Spoteo;
				SWIFT_VERSION = 5.0;
				TARGETED_DEVICE_FAMILY = 1;
			};
			name = Release;
		};
/* End XCBuildConfiguration section */

/* Begin XCConfigurationList section */
		F05E72682396663500F6E61A /* Build configuration list for PBXNativeTarget "SpotTests" */ = {
			isa = XCConfigurationList;
			buildConfigurations = (
				F05E72692396663500F6E61A /* Debug */,
				F05E726A2396663500F6E61A /* Release */,
			);
			defaultConfigurationIsVisible = 0;
			defaultConfigurationName = Release;
		};
		F0D52800232786770023B226 /* Build configuration list for PBXProject "Spot" */ = {
			isa = XCConfigurationList;
			buildConfigurations = (
				F0D52815232786780023B226 /* Debug */,
				F0D52816232786780023B226 /* Release */,
			);
			defaultConfigurationIsVisible = 0;
			defaultConfigurationName = Release;
		};
		F0D52817232786780023B226 /* Build configuration list for PBXNativeTarget "Spot" */ = {
			isa = XCConfigurationList;
			buildConfigurations = (
				F0D52818232786780023B226 /* Debug */,
				F0D52819232786780023B226 /* Release */,
			);
			defaultConfigurationIsVisible = 0;
			defaultConfigurationName = Release;
		};
/* End XCConfigurationList section */
	};
	rootObject = F0D527FD232786770023B226 /* Project object */;
}
